
Microsoft Visual Studio Solution File, Format Version 12.00
# Visual Studio Version 17
VisualStudioVersion = 17.2.32505.173
MinimumVisualStudioVersion = 10.0.40219.1
Project("{FAE04EC0-301F-11D3-BF4B-00C04F79EFBC}") = "PrimeiroProjeto", "PrimeiroProjeto\PrimeiroProjeto.csproj", "{B6D249C2-6F43-4011-B010-A0650D4DAA1B}"
EndProject
Global
	GlobalSection(SolutionConfigurationPlatforms) = preSolution
		Debug|Any CPU = Debug|Any CPU
		Release|Any CPU = Release|Any CPU
	EndGlobalSection
	GlobalSection(ProjectConfigurationPlatforms) = postSolution
		{B6D249C2-6F43-4011-B010-A0650D4DAA1B}.Debug|Any CPU.ActiveCfg = Debug|Any CPU
		{B6D249C2-6F43-4011-B010-A0650D4DAA1B}.Debug|Any CPU.Build.0 = Debug|Any CPU
		{B6D249C2-6F43-4011-B010-A0650D4DAA1B}.Release|Any CPU.ActiveCfg = Release|Any CPU
		{B6D249C2-6F43-4011-B010-A0650D4DAA1B}.Release|Any CPU.Build.0 = Release|Any CPU
	EndGlobalSection
	GlobalSection(SolutionProperties) = preSolution
		HideSolutionNode = FALSE
	EndGlobalSection
	GlobalSection(ExtensibilityGlobals) = postSolution
		SolutionGuid = {A0625F06-DE9D-4FB7-A8B6-1A7A56AE61F7}
	EndGlobalSection
EndGlobal
